// !$*UTF8*$!
{
	archiveVersion = 1;
	classes = {
	};
	objectVersion = 77;
	objects = {

/* Begin PBXBuildFile section */
		4B7C913047A022AF05CA9874 /* PocketTTS.xcframework in Frameworks */ = {isa = PBXBuildFile; fileRef = 3B2A73BD70DC2E85640DA344 /* PocketTTS.xcframework */; };
		115E043E3058B86300442C82 /* RevenueCat in Frameworks */ = {isa = PBXBuildFile; productRef = 115E043D3058B86300442C82 /* RevenueCat */; };
		115E04403058B86B00442C82 /* RevenueCatUI in Frameworks */ = {isa = PBXBuildFile; productRef = 115E043F3058B86B00442C82 /* RevenueCatUI */; };
		F0816664C246C754687CC597 /* GoogleMobileAds in Frameworks */ = {isa = PBXBuildFile; productRef = 58FE8F3419777352E0542D74 /* GoogleMobileAds */; };
		919788DC44434548B07B9630 /* RevenueCatAdMob in Frameworks */ = {isa = PBXBuildFile; productRef = D75EE1A9C9BD4222BD4A3295 /* RevenueCatAdMob */; };
		D12982403201000000000001 /* PoiseVoiceAnalysis in Frameworks */ = {isa = PBXBuildFile; productRef = D12982403201000000000002 /* PoiseVoiceAnalysis */; };
/* End PBXBuildFile section */

/* Begin PBXCopyFilesBuildPhase section */
		0EEF771E77E910771FF8059A /* Embed Frameworks */ = {
			isa = PBXCopyFilesBuildPhase;
			buildActionMask = 2147483647;
			dstPath = "";
			dstSubfolderSpec = 10;
			files = (
			);
			name = "Embed Frameworks";
			runOnlyForDeploymentPostprocessing = 0;
		};
/* End PBXCopyFilesBuildPhase section */

/* Begin PBXFileReference section */
		115E03AF3055171A00442C82 /* Poise.app */ = {isa = PBXFileReference; explicitFileType = wrapper.application; includeInIndex = 0; path = Poise.app; sourceTree = BUILT_PRODUCTS_DIR; };
		3B2A73BD70DC2E85640DA344 /* PocketTTS.xcframework */ = {isa = PBXFileReference; lastKnownFileType = wrapper.xcframework; name = PocketTTS.xcframework; path = Frameworks/PocketTTS.xcframework; sourceTree = "<group>"; };
/* End PBXFileReference section */

/* Begin PBXFileSystemSynchronizedRootGroup section */
		115E03B13055171A00442C82 /* Poise */ = {
			isa = PBXFileSystemSynchronizedRootGroup;
			path = Poise;
			sourceTree = "<group>";
		};
/* End PBXFileSystemSynchronizedRootGroup section */

/* Begin PBXFrameworksBuildPhase section */
		115E03AC3055171A00442C82 /* Frameworks */ = {
			isa = PBXFrameworksBuildPhase;
			buildActionMask = 2147483647;
			files = (
				4B7C913047A022AF05CA9874 /* PocketTTS.xcframework in Frameworks */,
				D12982403201000000000001 /* PoiseVoiceAnalysis in Frameworks */,
				115E04403058B86B00442C82 /* RevenueCatUI in Frameworks */,
				F0816664C246C754687CC597 /* GoogleMobileAds in Frameworks */,
				115E043E3058B86300442C82 /* RevenueCat in Frameworks */,
				919788DC44434548B07B9630 /* RevenueCatAdMob in Frameworks */,
			);
			runOnlyForDeploymentPostprocessing = 0;
		};
/* End PBXFrameworksBuildPhase section */

/* Begin PBXGroup section */
		115E03A63055171A00442C82 = {
			isa = PBXGroup;
			children = (
				115E03B13055171A00442C82 /* Poise */,
				115E043C3058B86300442C82 /* Frameworks */,
				115E03B03055171A00442C82 /* Products */,
				386C415C3057521600C8CFB5 /* Recovered References */,
			);
			sourceTree = "<group>";
		};
		115E03B03055171A00442C82 /* Products */ = {
			isa = PBXGroup;
			children = (
				115E03AF3055171A00442C82 /* Poise.app */,
			);
			name = Products;
			sourceTree = "<group>";
		};
		386C415C3057521600C8CFB5 /* Recovered References */ = {
			isa = PBXGroup;
			children = (
				3B2A73BD70DC2E85640DA344 /* PocketTTS.xcframework */,
			);
			name = "Recovered References";
			sourceTree = "<group>";
		};
		115E043C3058B86300442C82 /* Frameworks */ = {
			isa = PBXGroup;
			children = (
			);
			name = Frameworks;
			sourceTree = "<group>";
		};
/* End PBXGroup section */

/* Begin PBXNativeTarget section */
		115E03AE3055171A00442C82 /* Poise */ = {
			isa = PBXNativeTarget;
			buildConfigurationList = 115E03BA3055171C00442C82 /* Build configuration list for PBXNativeTarget "Poise" */;
			buildPhases = (
				115E03AB3055171A00442C82 /* Sources */,
				115E03AC3055171A00442C82 /* Frameworks */,
				115E03AD3055171A00442C82 /* Resources */,
				0EEF771E77E910771FF8059A /* Embed Frameworks */,
			);
			buildRules = (
			);
			dependencies = (
			);
			fileSystemSynchronizedGroups = (
				115E03B13055171A00442C82 /* Poise */,
			);
			name = Poise;
			packageProductDependencies = (
				D12982403201000000000002 /* PoiseVoiceAnalysis */,
				115E043D3058B86300442C82 /* RevenueCat */,
				115E043F3058B86B00442C82 /* RevenueCatUI */,
				58FE8F3419777352E0542D74 /* GoogleMobileAds */,
				D75EE1A9C9BD4222BD4A3295 /* RevenueCatAdMob */,
			);
			productName = Poise;
			productReference = 115E03AF3055171A00442C82 /* Poise.app */;
			productType = "com.apple.product-type.application";
		};
/* End PBXNativeTarget section */

/* Begin PBXProject section */
		115E03A73055171A00442C82 /* Project object */ = {
			isa = PBXProject;
			attributes = {
				ORGANIZATIONNAME = "Saper Solutions";
				BuildIndependentTargetsInParallel = 1;
				LastSwiftUpdateCheck = 2660;
				LastUpgradeCheck = 2660;
				TargetAttributes = {
					115E03AE3055171A00442C82 = {
						CreatedOnToolsVersion = 26.6;
					};
				};
			};
			buildConfigurationList = 115E03AA3055171A00442C82 /* Build configuration list for PBXProject "Poise" */;
			developmentRegion = en;
			hasScannedForEncodings = 0;
			knownRegions = (
				en,
				Base,
			);
			mainGroup = 115E03A63055171A00442C82;
			minimizedProjectReferenceProxies = 1;
			packageReferences = (
				D12982403201000000000003 /* XCLocalSwiftPackageReference "voice-analysis" */,
				115E043B3058AFEC00442C82 /* XCRemoteSwiftPackageReference "purchases-ios-spm" */,
				573234933145F6C2D78136CD /* XCRemoteSwiftPackageReference "swift-package-manager-google-mobile-ads" */,
				073ED7B34FDA4C3D90FAC2C1 /* XCRemoteSwiftPackageReference "purchases-ios-admob" */,
			);
			preferredProjectObjectVersion = 77;
			productRefGroup = 115E03B03055171A00442C82 /* Products */;
			projectDirPath = "";
			projectRoot = "";
			targets = (
				115E03AE3055171A00442C82 /* Poise */,
			);
		};
/* End PBXProject section */

/* Begin PBXResourcesBuildPhase section */
		115E03AD3055171A00442C82 /* Resources */ = {
			isa = PBXResourcesBuildPhase;
			buildActionMask = 2147483647;
			files = (
			);
			runOnlyForDeploymentPostprocessing = 0;
		};
/* End PBXResourcesBuildPhase section */

/* Begin PBXSourcesBuildPhase section */
		115E03AB3055171A00442C82 /* Sources */ = {
			isa = PBXSourcesBuildPhase;
			buildActionMask = 2147483647;
			files = (
			);
			runOnlyForDeploymentPostprocessing = 0;
		};
/* End PBXSourcesBuildPhase section */

/* Begin XCBuildConfiguration section */
		115E03B83055171C00442C82 /* Debug */ = {
			isa = XCBuildConfiguration;
			buildSettings = {
				ALWAYS_SEARCH_USER_PATHS = NO;
				ASSETCATALOG_COMPILER_GENERATE_SWIFT_ASSET_SYMBOL_EXTENSIONS = YES;
				CLANG_ANALYZER_NONNULL = YES;
				CLANG_ANALYZER_NUMBER_OBJECT_CONVERSION = YES_AGGRESSIVE;
				CLANG_CXX_LANGUAGE_STANDARD = "gnu++20";
				CLANG_ENABLE_MODULES = YES;
				CLANG_ENABLE_OBJC_ARC = YES;
				CLANG_ENABLE_OBJC_WEAK = YES;
				CLANG_WARN_BLOCK_CAPTURE_AUTORELEASING = YES;
				CLANG_WARN_BOOL_CONVERSION = YES;
				CLANG_WARN_COMMA = YES;
				CLANG_WARN_CONSTANT_CONVERSION = YES;
				CLANG_WARN_DEPRECATED_OBJC_IMPLEMENTATIONS = YES;
				CLANG_WARN_DIRECT_OBJC_ISA_USAGE = YES_ERROR;
				CLANG_WARN_DOCUMENTATION_COMMENTS = YES;
				CLANG_WARN_EMPTY_BODY = YES;
				CLANG_WARN_ENUM_CONVERSION = YES;
				CLANG_WARN_INFINITE_RECURSION = YES;
				CLANG_WARN_INT_CONVERSION = YES;
				CLANG_WARN_NON_LITERAL_NULL_CONVERSION = YES;
				CLANG_WARN_OBJC_IMPLICIT_RETAIN_SELF = YES;
				CLANG_WARN_OBJC_LITERAL_CONVERSION = YES;
				CLANG_WARN_OBJC_ROOT_CLASS = YES_ERROR;
				CLANG_WARN_QUOTED_INCLUDE_IN_FRAMEWORK_HEADER = YES;
				CLANG_WARN_RANGE_LOOP_ANALYSIS = YES;
				CLANG_WARN_STRICT_PROTOTYPES = YES;
				CLANG_WARN_SUSPICIOUS_MOVE = YES;
				CLANG_WARN_UNGUARDED_AVAILABILITY = YES_AGGRESSIVE;
				CLANG_WARN_UNREACHABLE_CODE = YES;
				CLANG_WARN__DUPLICATE_METHOD_MATCH = YES;
				COPY_PHASE_STRIP = NO;
				DEBUG_INFORMATION_FORMAT = dwarf;
				ENABLE_STRICT_OBJC_MSGSEND = YES;
				ENABLE_TESTABILITY = YES;
				ENABLE_USER_SCRIPT_SANDBOXING = YES;
				GCC_C_LANGUAGE_STANDARD = gnu17;
				GCC_DYNAMIC_NO_PIC = NO;
				GCC_NO_COMMON_BLOCKS = YES;
				GCC_OPTIMIZATION_LEVEL = 0;
				GCC_PREPROCESSOR_DEFINITIONS = (
					"DEBUG=1",
					"$(inherited)",
				);
				GCC_WARN_64_TO_32_BIT_CONVERSION = YES;
				GCC_WARN_ABOUT_RETURN_TYPE = YES_ERROR;
				GCC_WARN_UNDECLARED_SELECTOR = YES;
				GCC_WARN_UNINITIALIZED_AUTOS = YES_AGGRESSIVE;
				GCC_WARN_UNUSED_FUNCTION = YES;
				GCC_WARN_UNUSED_VARIABLE = YES;
				LOCALIZATION_PREFERS_STRING_CATALOGS = YES;
				MTL_ENABLE_DEBUG_INFO = INCLUDE_SOURCE;
				MTL_FAST_MATH = YES;
				ONLY_ACTIVE_ARCH = YES;
				SWIFT_ACTIVE_COMPILATION_CONDITIONS = "DEBUG $(inherited)";
				SWIFT_OPTIMIZATION_LEVEL = "-Onone";
			};
			name = Debug;
		};
		115E03B93055171C00442C82 /* Release */ = {
			isa = XCBuildConfiguration;
			buildSettings = {
				ALWAYS_SEARCH_USER_PATHS = NO;
				ASSETCATALOG_COMPILER_GENERATE_SWIFT_ASSET_SYMBOL_EXTENSIONS = YES;
				CLANG_ANALYZER_NONNULL = YES;
				CLANG_ANALYZER_NUMBER_OBJECT_CONVERSION = YES_AGGRESSIVE;
				CLANG_CXX_LANGUAGE_STANDARD = "gnu++20";
				CLANG_ENABLE_MODULES = YES;
				CLANG_ENABLE_OBJC_ARC = YES;
				CLANG_ENABLE_OBJC_WEAK = YES;
				CLANG_WARN_BLOCK_CAPTURE_AUTORELEASING = YES;
				CLANG_WARN_BOOL_CONVERSION = YES;
				CLANG_WARN_COMMA = YES;
				CLANG_WARN_CONSTANT_CONVERSION = YES;
				CLANG_WARN_DEPRECATED_OBJC_IMPLEMENTATIONS = YES;
				CLANG_WARN_DIRECT_OBJC_ISA_USAGE = YES_ERROR;
				CLANG_WARN_DOCUMENTATION_COMMENTS = YES;
				CLANG_WARN_EMPTY_BODY = YES;
				CLANG_WARN_ENUM_CONVERSION = YES;
				CLANG_WARN_INFINITE_RECURSION = YES;
				CLANG_WARN_INT_CONVERSION = YES;
				CLANG_WARN_NON_LITERAL_NULL_CONVERSION = YES;
				CLANG_WARN_OBJC_IMPLICIT_RETAIN_SELF = YES;
				CLANG_WARN_OBJC_LITERAL_CONVERSION = YES;
				CLANG_WARN_OBJC_ROOT_CLASS = YES_ERROR;
				CLANG_WARN_QUOTED_INCLUDE_IN_FRAMEWORK_HEADER = YES;
				CLANG_WARN_RANGE_LOOP_ANALYSIS = YES;
				CLANG_WARN_STRICT_PROTOTYPES = YES;
				CLANG_WARN_SUSPICIOUS_MOVE = YES;
				CLANG_WARN_UNGUARDED_AVAILABILITY = YES_AGGRESSIVE;
				CLANG_WARN_UNREACHABLE_CODE = YES;
				CLANG_WARN__DUPLICATE_METHOD_MATCH = YES;
				COPY_PHASE_STRIP = NO;
				DEBUG_INFORMATION_FORMAT = "dwarf-with-dsym";
				ENABLE_NS_ASSERTIONS = NO;
				ENABLE_STRICT_OBJC_MSGSEND = YES;
				ENABLE_USER_SCRIPT_SANDBOXING = YES;
				GCC_C_LANGUAGE_STANDARD = gnu17;
				GCC_NO_COMMON_BLOCKS = YES;
				GCC_WARN_64_TO_32_BIT_CONVERSION = YES;
				GCC_WARN_ABOUT_RETURN_TYPE = YES_ERROR;
				GCC_WARN_UNDECLARED_SELECTOR = YES;
				GCC_WARN_UNINITIALIZED_AUTOS = YES_AGGRESSIVE;
				GCC_WARN_UNUSED_FUNCTION = YES;
				GCC_WARN_UNUSED_VARIABLE = YES;
				LOCALIZATION_PREFERS_STRING_CATALOGS = YES;
				MTL_ENABLE_DEBUG_INFO = NO;
				MTL_FAST_MATH = YES;
				SWIFT_COMPILATION_MODE = wholemodule;
			};
			name = Release;
		};
		115E03BB3055171C00442C82 /* Debug */ = {
			isa = XCBuildConfiguration;
			buildSettings = {
				ASSETCATALOG_COMPILER_APPICON_NAME = AppIcon;
				ASSETCATALOG_COMPILER_GLOBAL_ACCENT_COLOR_NAME = AccentColor;
				CODE_SIGN_ENTITLEMENTS = Poise.entitlements;
				CODE_SIGN_STYLE = Automatic;
				CURRENT_PROJECT_VERSION = 1;
				DEVELOPMENT_TEAM = 5335LL5R57;
				ENABLE_APP_SANDBOX = YES;
				ENABLE_PREVIEWS = YES;
				ENABLE_USER_SELECTED_FILES = readonly;
				FRAMEWORK_SEARCH_PATHS = (
					"$(inherited)",
					"$(PROJECT_DIR)/Frameworks",
				);
				GENERATE_INFOPLIST_FILE = YES;
				INFOPLIST_FILE = Info.plist;
				"INFOPLIST_KEY_UIApplicationSceneManifest_Generation[sdk=iphoneos*]" = YES;
				"INFOPLIST_KEY_UIApplicationSceneManifest_Generation[sdk=iphonesimulator*]" = YES;
				"INFOPLIST_KEY_UIApplicationSupportsIndirectInputEvents[sdk=iphoneos*]" = YES;
				"INFOPLIST_KEY_UIApplicationSupportsIndirectInputEvents[sdk=iphonesimulator*]" = YES;
				"INFOPLIST_KEY_UILaunchScreen_Generation[sdk=iphoneos*]" = YES;
				"INFOPLIST_KEY_UILaunchScreen_Generation[sdk=iphonesimulator*]" = YES;
				"INFOPLIST_KEY_UIStatusBarStyle[sdk=iphoneos*]" = UIStatusBarStyleDefault;
				"INFOPLIST_KEY_UIStatusBarStyle[sdk=iphonesimulator*]" = UIStatusBarStyleDefault;
				INFOPLIST_KEY_UISupportedInterfaceOrientations_iPad = "UIInterfaceOrientationPortrait UIInterfaceOrientationPortraitUpsideDown UIInterfaceOrientationLandscapeLeft UIInterfaceOrientationLandscapeRight";
				INFOPLIST_KEY_UISupportedInterfaceOrientations_iPhone = UIInterfaceOrientationPortrait;
				// Pinned high (not the code's own floor of 17.0-17.5, see
				// @available markers) because a lower target triggers a
				// deterministic Swift 6.3.3 compiler crash (EarlyPerfInliner
				// segfault in whole-module -O) on pocket_tts_ios.swift's
				// generated UniffiHandleMap deinit -- reproduced twice at
				// 17.5, absent at this value. Confirmed this is the actual
				// cause, not a flake, before reverting to it. Revisit once
				// there's a newer Xcode/Swift toolchain or a rebuilt
				// PocketTTS.xcframework to retest against.
				IPHONEOS_DEPLOYMENT_TARGET = 26.5;
				LD_RUNPATH_SEARCH_PATHS = "@executable_path/Frameworks";
				"LD_RUNPATH_SEARCH_PATHS[sdk=macosx*]" = "@executable_path/../Frameworks";
				MACOSX_DEPLOYMENT_TARGET = 26.5;
				MARKETING_VERSION = 1.0;
				"OTHER_LDFLAGS[sdk=iphoneos*]" = "-lc++";
				"OTHER_LDFLAGS[sdk=iphonesimulator*]" = "-lc++";
				PRODUCT_BUNDLE_IDENTIFIER = com.sapersolutions.poise;
				PRODUCT_NAME = "$(TARGET_NAME)";
				REGISTER_APP_GROUPS = YES;
				SDKROOT = auto;
				STRING_CATALOG_GENERATE_SYMBOLS = YES;
				SUPPORTED_PLATFORMS = "iphoneos iphonesimulator";
				SWIFT_APPROACHABLE_CONCURRENCY = YES;
				SWIFT_DEFAULT_ACTOR_ISOLATION = MainActor;
				SWIFT_EMIT_LOC_STRINGS = YES;
				SWIFT_UPCOMING_FEATURE_MEMBER_IMPORT_VISIBILITY = YES;
				SWIFT_VERSION = 5.0;
				TARGETED_DEVICE_FAMILY = "1";
				XROS_DEPLOYMENT_TARGET = 26.5;
			};
			name = Debug;
		};
		115E03BC3055171C00442C82 /* Release */ = {
			isa = XCBuildConfiguration;
			buildSettings = {
				ASSETCATALOG_COMPILER_APPICON_NAME = AppIcon;
				ASSETCATALOG_COMPILER_GLOBAL_ACCENT_COLOR_NAME = AccentColor;
				CODE_SIGN_ENTITLEMENTS = Poise.entitlements;
				CODE_SIGN_STYLE = Automatic;
				CURRENT_PROJECT_VERSION = 1;
				DEVELOPMENT_TEAM = 5335LL5R57;
				ENABLE_APP_SANDBOX = YES;
				ENABLE_PREVIEWS = YES;
				ENABLE_USER_SELECTED_FILES = readonly;
				FRAMEWORK_SEARCH_PATHS = (
					"$(inherited)",
					"$(PROJECT_DIR)/Frameworks",
				);
				GENERATE_INFOPLIST_FILE = YES;
				INFOPLIST_FILE = Info.plist;
				"INFOPLIST_KEY_UIApplicationSceneManifest_Generation[sdk=iphoneos*]" = YES;
				"INFOPLIST_KEY_UIApplicationSceneManifest_Generation[sdk=iphonesimulator*]" = YES;
				"INFOPLIST_KEY_UIApplicationSupportsIndirectInputEvents[sdk=iphoneos*]" = YES;
				"INFOPLIST_KEY_UIApplicationSupportsIndirectInputEvents[sdk=iphonesimulator*]" = YES;
				"INFOPLIST_KEY_UILaunchScreen_Generation[sdk=iphoneos*]" = YES;
				"INFOPLIST_KEY_UILaunchScreen_Generation[sdk=iphonesimulator*]" = YES;
				"INFOPLIST_KEY_UIStatusBarStyle[sdk=iphoneos*]" = UIStatusBarStyleDefault;
				"INFOPLIST_KEY_UIStatusBarStyle[sdk=iphonesimulator*]" = UIStatusBarStyleDefault;
				INFOPLIST_KEY_UISupportedInterfaceOrientations_iPad = "UIInterfaceOrientationPortrait UIInterfaceOrientationPortraitUpsideDown UIInterfaceOrientationLandscapeLeft UIInterfaceOrientationLandscapeRight";
				INFOPLIST_KEY_UISupportedInterfaceOrientations_iPhone = UIInterfaceOrientationPortrait;
				// Pinned high (not the code's own floor of 17.0-17.5, see
				// @available markers) because a lower target triggers a
				// deterministic Swift 6.3.3 compiler crash (EarlyPerfInliner
				// segfault in whole-module -O) on pocket_tts_ios.swift's
				// generated UniffiHandleMap deinit -- reproduced twice at
				// 17.5, absent at this value. Confirmed this is the actual
				// cause, not a flake, before reverting to it. Revisit once
				// there's a newer Xcode/Swift toolchain or a rebuilt
				// PocketTTS.xcframework to retest against.
				IPHONEOS_DEPLOYMENT_TARGET = 26.5;
				LD_RUNPATH_SEARCH_PATHS = "@executable_path/Frameworks";
				"LD_RUNPATH_SEARCH_PATHS[sdk=macosx*]" = "@executable_path/../Frameworks";
				MACOSX_DEPLOYMENT_TARGET = 26.5;
				MARKETING_VERSION = 1.0;
				"OTHER_LDFLAGS[sdk=iphoneos*]" = "-lc++";
				"OTHER_LDFLAGS[sdk=iphonesimulator*]" = "-lc++";
				PRODUCT_BUNDLE_IDENTIFIER = com.sapersolutions.poise;
				PRODUCT_NAME = "$(TARGET_NAME)";
				REGISTER_APP_GROUPS = YES;
				SDKROOT = auto;
				STRING_CATALOG_GENERATE_SYMBOLS = YES;
				SUPPORTED_PLATFORMS = "iphoneos iphonesimulator";
				SWIFT_APPROACHABLE_CONCURRENCY = YES;
				SWIFT_DEFAULT_ACTOR_ISOLATION = MainActor;
				SWIFT_EMIT_LOC_STRINGS = YES;
				SWIFT_UPCOMING_FEATURE_MEMBER_IMPORT_VISIBILITY = YES;
				SWIFT_VERSION = 5.0;
				TARGETED_DEVICE_FAMILY = "1";
				XROS_DEPLOYMENT_TARGET = 26.5;
			};
			name = Release;
		};
/* End XCBuildConfiguration section */

/* Begin XCConfigurationList section */
		115E03AA3055171A00442C82 /* Build configuration list for PBXProject "Poise" */ = {
			isa = XCConfigurationList;
			buildConfigurations = (
				115E03B83055171C00442C82 /* Debug */,
				115E03B93055171C00442C82 /* Release */,
			);
			defaultConfigurationIsVisible = 0;
			defaultConfigurationName = Release;
		};
		115E03BA3055171C00442C82 /* Build configuration list for PBXNativeTarget "Poise" */ = {
			isa = XCConfigurationList;
			buildConfigurations = (
				115E03BB3055171C00442C82 /* Debug */,
				115E03BC3055171C00442C82 /* Release */,
			);
			defaultConfigurationIsVisible = 0;
			defaultConfigurationName = Release;
		};
/* End XCConfigurationList section */

/* Begin XCLocalSwiftPackageReference section */
		D12982403201000000000003 /* XCLocalSwiftPackageReference "voice-analysis" */ = {
			isa = XCLocalSwiftPackageReference;
			relativePath = "voice-analysis";
		};
/* End XCLocalSwiftPackageReference section */

/* Begin XCRemoteSwiftPackageReference section */
		115E043B3058AFEC00442C82 /* XCRemoteSwiftPackageReference "purchases-ios-spm" */ = {
			isa = XCRemoteSwiftPackageReference;
			repositoryURL = "https://github.com/RevenueCat/purchases-ios-spm.git";
			requirement = {
				kind = upToNextMajorVersion;
				minimumVersion = 5.89.0;
			};
		};
		573234933145F6C2D78136CD /* XCRemoteSwiftPackageReference "swift-package-manager-google-mobile-ads" */ = {
			isa = XCRemoteSwiftPackageReference;
			repositoryURL = "https://github.com/googleads/swift-package-manager-google-mobile-ads.git";
			requirement = {
				kind = upToNextMajorVersion;
				minimumVersion = 13.0.0;
			};
		};
		073ED7B34FDA4C3D90FAC2C1 /* XCRemoteSwiftPackageReference "purchases-ios-admob" */ = {
			isa = XCRemoteSwiftPackageReference;
			repositoryURL = "https://github.com/RevenueCat/purchases-ios-admob.git";
			requirement = {
				kind = upToNextMajorVersion;
				minimumVersion = 5.90.2;
			};
		};
/* End XCRemoteSwiftPackageReference section */

/* Begin XCSwiftPackageProductDependency section */
		D12982403201000000000002 /* PoiseVoiceAnalysis */ = {
			isa = XCSwiftPackageProductDependency;
			package = D12982403201000000000003 /* XCLocalSwiftPackageReference "voice-analysis" */;
			productName = PoiseVoiceAnalysis;
		};
		115E043D3058B86300442C82 /* RevenueCat */ = {
			isa = XCSwiftPackageProductDependency;
			package = 115E043B3058AFEC00442C82 /* XCRemoteSwiftPackageReference "purchases-ios-spm" */;
			productName = RevenueCat;
		};
		115E043F3058B86B00442C82 /* RevenueCatUI */ = {
			isa = XCSwiftPackageProductDependency;
			package = 115E043B3058AFEC00442C82 /* XCRemoteSwiftPackageReference "purchases-ios-spm" */;
			productName = RevenueCatUI;
		};
		58FE8F3419777352E0542D74 /* GoogleMobileAds */ = {
			isa = XCSwiftPackageProductDependency;
			package = 573234933145F6C2D78136CD /* XCRemoteSwiftPackageReference "swift-package-manager-google-mobile-ads" */;
			productName = GoogleMobileAds;
		};
		D75EE1A9C9BD4222BD4A3295 /* RevenueCatAdMob */ = {
			isa = XCSwiftPackageProductDependency;
			package = 073ED7B34FDA4C3D90FAC2C1 /* XCRemoteSwiftPackageReference "purchases-ios-admob" */;
			productName = RevenueCatAdMob;
		};
/* End XCSwiftPackageProductDependency section */
	};
	rootObject = 115E03A73055171A00442C82 /* Project object */;
}
